
Microsoft Visual Studio Solution File, Format Version 12.00
# Visual Studio 2013
VisualStudioVersion = 12.0.30501.0
MinimumVisualStudioVersion = 10.0.40219.1
Project("{FAE04EC0-301F-11D3-BF4B-00C04F79EFBC}") = "SimpleRconClient", "SimpleRconClient\SimpleRconClient.csproj", "{F2105D83-AA1A-4B9A-A8F8-DB8E5220CB58}"
EndProject
Project("{FAE04EC0-301F-11D3-BF4B-00C04F79EFBC}") = "SimpleRconClient.Tests", "SimpleRconClient.Tests\SimpleRconClient.Tests.csproj", "{97E6310D-55A1-47C9-9E00-399045B73F44}"
EndProject
Global
	GlobalSection(SolutionConfigurationPlatforms) = preSolution
		Debug|Any CPU = Debug|Any CPU
		Release|Any CPU = Release|Any CPU
	EndGlobalSection
	GlobalSection(ProjectConfigurationPlatforms) = postSolution
		{F2105D83-AA1A-4B9A-A8F8-DB8E5220CB58}.Debug|Any CPU.ActiveCfg = Debug|Any CPU
		{F2105D83-AA1A-4B9A-A8F8-DB8E5220CB58}.Debug|Any CPU.Build.0 = Debug|Any CPU
		{F2105D83-AA1A-4B9A-A8F8-DB8E5220CB58}.Release|Any CPU.ActiveCfg = Release|Any CPU
		{F2105D83-AA1A-4B9A-A8F8-DB8E5220CB58}.Release|Any CPU.Build.0 = Release|Any CPU
		{97E6310D-55A1-47C9-9E00-399045B73F44}.Debug|Any CPU.ActiveCfg = Debug|Any CPU
		{97E6310D-55A1-47C9-9E00-399045B73F44}.Debug|Any CPU.Build.0 = Debug|Any CPU
		{97E6310D-55A1-47C9-9E00-399045B73F44}.Release|Any CPU.ActiveCfg = Release|Any CPU
		{97E6310D-55A1-47C9-9E00-399045B73F44}.Release|Any CPU.Build.0 = Release|Any CPU
	EndGlobalSection
	GlobalSection(SolutionProperties) = preSolution
		HideSolutionNode = FALSE
	EndGlobalSection
EndGlobal
